
Microsoft Visual Studio Solution File, Format Version 12.00
# Visual Studio 15
VisualStudioVersion = 15.0.27004.2002
MinimumVisualStudioVersion = 10.0.40219.1
Project("{FAE04EC0-301F-11D3-BF4B-00C04F79EFBC}") = "Orange", "Orange\Orange.csproj", "{7A1EC6B0-8B27-480E-BD94-414B33850FB6}"
EndProject
Project("{FAE04EC0-301F-11D3-BF4B-00C04F79EFBC}") = "MSIL_Lab", "MSIL_Lab\MSIL_Lab.csproj", "{48FABFDE-354A-4A82-87DA-35C645521133}"
EndProject
Global
	GlobalSection(SolutionConfigurationPlatforms) = preSolution
		Debug|Any CPU = Debug|Any CPU
		Debug|x64 = Debug|x64
		Debug|x86 = Debug|x86
		Release|Any CPU = Release|Any CPU
		Release|x64 = Release|x64
		Release|x86 = Release|x86
	EndGlobalSection
	GlobalSection(ProjectConfigurationPlatforms) = postSolution
		{7A1EC6B0-8B27-480E-BD94-414B33850FB6}.Debug|Any CPU.ActiveCfg = Debug|Any CPU
		{7A1EC6B0-8B27-480E-BD94-414B33850FB6}.Debug|Any CPU.Build.0 = Debug|Any CPU
		{7A1EC6B0-8B27-480E-BD94-414B33850FB6}.Debug|x64.ActiveCfg = Debug|Any CPU
		{7A1EC6B0-8B27-480E-BD94-414B33850FB6}.Debug|x64.Build.0 = Debug|Any CPU
		{7A1EC6B0-8B27-480E-BD94-414B33850FB6}.Debug|x86.ActiveCfg = Debug|Any CPU
		{7A1EC6B0-8B27-480E-BD94-414B33850FB6}.Debug|x86.Build.0 = Debug|Any CPU
		{7A1EC6B0-8B27-480E-BD94-414B33850FB6}.Release|Any CPU.ActiveCfg = Release|Any CPU
		{7A1EC6B0-8B27-480E-BD94-414B33850FB6}.Release|Any CPU.Build.0 = Release|Any CPU
		{7A1EC6B0-8B27-480E-BD94-414B33850FB6}.Release|x64.ActiveCfg = Release|Any CPU
		{7A1EC6B0-8B27-480E-BD94-414B33850FB6}.Release|x64.Build.0 = Release|Any CPU
		{7A1EC6B0-8B27-480E-BD94-414B33850FB6}.Release|x86.ActiveCfg = Release|Any CPU
		{7A1EC6B0-8B27-480E-BD94-414B33850FB6}.Release|x86.Build.0 = Release|Any CPU
		{48FABFDE-354A-4A82-87DA-35C645521133}.Debug|Any CPU.ActiveCfg = Debug|Any CPU
		{48FABFDE-354A-4A82-87DA-35C645521133}.Debug|Any CPU.Build.0 = Debug|Any CPU
		{48FABFDE-354A-4A82-87DA-35C645521133}.Debug|x64.ActiveCfg = Debug|Any CPU
		{48FABFDE-354A-4A82-87DA-35C645521133}.Debug|x64.Build.0 = Debug|Any CPU
		{48FABFDE-354A-4A82-87DA-35C645521133}.Debug|x86.ActiveCfg = Debug|Any CPU
		{48FABFDE-354A-4A82-87DA-35C645521133}.Debug|x86.Build.0 = Debug|Any CPU
		{48FABFDE-354A-4A82-87DA-35C645521133}.Release|Any CPU.ActiveCfg = Release|Any CPU
		{48FABFDE-354A-4A82-87DA-35C645521133}.Release|Any CPU.Build.0 = Release|Any CPU
		{48FABFDE-354A-4A82-87DA-35C645521133}.Release|x64.ActiveCfg = Release|Any CPU
		{48FABFDE-354A-4A82-87DA-35C645521133}.Release|x64.Build.0 = Release|Any CPU
		{48FABFDE-354A-4A82-87DA-35C645521133}.Release|x86.ActiveCfg = Release|Any CPU
		{48FABFDE-354A-4A82-87DA-35C645521133}.Release|x86.Build.0 = Release|Any CPU
	EndGlobalSection
	GlobalSection(SolutionProperties) = preSolution
		HideSolutionNode = FALSE
	EndGlobalSection
	GlobalSection(ExtensibilityGlobals) = postSolution
		SolutionGuid = {5E05DDB2-FC5E-449F-A5A8-2533FA1C859A}
	EndGlobalSection
EndGlobal
